// !$*UTF8*$!
{
	archiveVersion = 1;
	objectVersion = 56;
	objects = {
		ABC123 /* UIKit.framework */ = {isa = PBXFileReference; lastKnownFileType = wrapper.framework; name = UIKit.framework; path = System/Library/Frameworks/UIKit.framework; sourceTree = SDKROOT; };
		DEF456 /* GoogleSignIn.framework */ = {isa = PBXFileReference; lastKnownFileType = wrapper.framework; name = GoogleSignIn.framework; path = Frameworks/GoogleSignIn.framework; sourceTree = SDKROOT; };
	};
	rootObject = 0867D690FE84155DC02AAC07;
}
